// !$*UTF8*$!
{
	archiveVersion = 1;
	classes = {
	};
	objectVersion = 55;
	objects = {

/* Begin PBXBuildFile section */
		9730FEA727DECC6800E56BA5 /* SwiftUIMVVMCombineAlamofireApp.swift in Sources */ = {isa = PBXBuildFile; fileRef = 9730FEA627DECC6800E56BA5 /* SwiftUIMVVMCombineAlamofireApp.swift */; };
		9730FEA927DECC6800E56BA5 /* MainView.swift in Sources */ = {isa = PBXBuildFile; fileRef = 9730FEA827DECC6800E56BA5 /* MainView.swift */; };
		9730FEAB27DECC6A00E56BA5 /* Assets.xcassets in Resources */ = {isa = PBXBuildFile; fileRef = 9730FEAA27DECC6A00E56BA5 /* Assets.xcassets */; };
		9730FEAE27DECC6A00E56BA5 /* Preview Assets.xcassets in Resources */ = {isa = PBXBuildFile; fileRef = 9730FEAD27DECC6A00E56BA5 /* Preview Assets.xcassets */; };
		9730FEBA27DECCDF00E56BA5 /* ServiceManager.swift in Sources */ = {isa = PBXBuildFile; fileRef = 9730FEB927DECCDF00E56BA5 /* ServiceManager.swift */; };
		9730FEBC27DECCFA00E56BA5 /* ReusableComponents.swift in Sources */ = {isa = PBXBuildFile; fileRef = 9730FEBB27DECCFA00E56BA5 /* ReusableComponents.swift */; };
		9730FEBE27DECD3100E56BA5 /* TopMoviesDataModel.swift in Sources */ = {isa = PBXBuildFile; fileRef = 9730FEBD27DECD3100E56BA5 /* TopMoviesDataModel.swift */; };
		9730FEC027DECD4300E56BA5 /* ViewModel.swift in Sources */ = {isa = PBXBuildFile; fileRef = 9730FEBF27DECD4300E56BA5 /* ViewModel.swift */; };
		9730FEC327DECED900E56BA5 /* HomeView.swift in Sources */ = {isa = PBXBuildFile; fileRef = 9730FEC227DECED900E56BA5 /* HomeView.swift */; };
		9730FEC527DECF5900E56BA5 /* TopMoviesView.swift in Sources */ = {isa = PBXBuildFile; fileRef = 9730FEC427DECF5900E56BA5 /* TopMoviesView.swift */; };
		9730FEC727DECF6F00E56BA5 /* TopTVShowView.swift in Sources */ = {isa = PBXBuildFile; fileRef = 9730FEC627DECF6F00E56BA5 /* TopTVShowView.swift */; };
		9773ABD127DFDA370083D58F /* Test.swift in Sources */ = {isa = PBXBuildFile; fileRef = 9773ABD027DFDA370083D58F /* Test.swift */; };
		9773ABD327DFDD230083D58F /* TopTVShowsDataModel.swift in Sources */ = {isa = PBXBuildFile; fileRef = 9773ABD227DFDD230083D58F /* TopTVShowsDataModel.swift */; };
		9773ABD627DFDF990083D58F /* Alamofire in Frameworks */ = {isa = PBXBuildFile; productRef = 9773ABD527DFDF990083D58F /* Alamofire */; };
		9773ABD827DFE2380083D58F /* URLExtension.swift in Sources */ = {isa = PBXBuildFile; fileRef = 9773ABD727DFE2380083D58F /* URLExtension.swift */; };
/* End PBXBuildFile section */

/* Begin PBXFileReference section */
		9730FEA327DECC6800E56BA5 /* SwiftUIMVVMCombineAlamofire.app */ = {isa = PBXFileReference; explicitFileType = wrapper.application; includeInIndex = 0; path = SwiftUIMVVMCombineAlamofire.app; sourceTree = BUILT_PRODUCTS_DIR; };
		9730FEA627DECC6800E56BA5 /* SwiftUIMVVMCombineAlamofireApp.swift */ = {isa = PBXFileReference; lastKnownFileType = sourcecode.swift; path = SwiftUIMVVMCombineAlamofireApp.swift; sourceTree = "<group>"; };
		9730FEA827DECC6800E56BA5 /* MainView.swift */ = {isa = PBXFileReference; lastKnownFileType = sourcecode.swift; path = MainView.swift; sourceTree = "<group>"; };
		9730FEAA27DECC6A00E56BA5 /* Assets.xcassets */ = {isa = PBXFileReference; lastKnownFileType = folder.assetcatalog; path = Assets.xcassets; sourceTree = "<group>"; };
		9730FEAD27DECC6A00E56BA5 /* Preview Assets.xcassets */ = {isa = PBXFileReference; lastKnownFileType = folder.assetcatalog; path = "Preview Assets.xcassets"; sourceTree = "<group>"; };
		9730FEB927DECCDF00E56BA5 /* ServiceManager.swift */ = {isa = PBXFileReference; lastKnownFileType = sourcecode.swift; path = ServiceManager.swift; sourceTree = "<group>"; };
		9730FEBB27DECCFA00E56BA5 /* ReusableComponents.swift */ = {isa = PBXFileReference; lastKnownFileType = sourcecode.swift; path = ReusableComponents.swift; sourceTree = "<group>"; };
		9730FEBD27DECD3100E56BA5 /* TopMoviesDataModel.swift */ = {isa = PBXFileReference; lastKnownFileType = sourcecode.swift; path = TopMoviesDataModel.swift; sourceTree = "<group>"; };
		9730FEBF27DECD4300E56BA5 /* ViewModel.swift */ = {isa = PBXFileReference; lastKnownFileType = sourcecode.swift; path = ViewModel.swift; sourceTree = "<group>"; };
		9730FEC227DECED900E56BA5 /* HomeView.swift */ = {isa = PBXFileReference; lastKnownFileType = sourcecode.swift; path = HomeView.swift; sourceTree = "<group>"; };
		9730FEC427DECF5900E56BA5 /* TopMoviesView.swift */ = {isa = PBXFileReference; lastKnownFileType = sourcecode.swift; path = TopMoviesView.swift; sourceTree = "<group>"; };
		9730FEC627DECF6F00E56BA5 /* TopTVShowView.swift */ = {isa = PBXFileReference; lastKnownFileType = sourcecode.swift; path = TopTVShowView.swift; sourceTree = "<group>"; };
		9773ABD027DFDA370083D58F /* Test.swift */ = {isa = PBXFileReference; lastKnownFileType = sourcecode.swift; path = Test.swift; sourceTree = "<group>"; };
		9773ABD227DFDD230083D58F /* TopTVShowsDataModel.swift */ = {isa = PBXFileReference; lastKnownFileType = sourcecode.swift; path = TopTVShowsDataModel.swift; sourceTree = "<group>"; };
		9773ABD727DFE2380083D58F /* URLExtension.swift */ = {isa = PBXFileReference; lastKnownFileType = sourcecode.swift; path = URLExtension.swift; sourceTree = "<group>"; };
/* End PBXFileReference section */

/* Begin PBXFrameworksBuildPhase section */
		9730FEA027DECC6800E56BA5 /* Frameworks */ = {
			isa = PBXFrameworksBuildPhase;
			buildActionMask = 2147483647;
			files = (
				9773ABD627DFDF990083D58F /* Alamofire in Frameworks */,
			);
			runOnlyForDeploymentPostprocessing = 0;
		};
/* End PBXFrameworksBuildPhase section */

/* Begin PBXGroup section */
		9730FE9A27DECC6800E56BA5 = {
			isa = PBXGroup;
			children = (
				9730FEA527DECC6800E56BA5 /* SwiftUIMVVMCombineAlamofire */,
				9730FEA427DECC6800E56BA5 /* Products */,
			);
			sourceTree = "<group>";
		};
		9730FEA427DECC6800E56BA5 /* Products */ = {
			isa = PBXGroup;
			children = (
				9730FEA327DECC6800E56BA5 /* SwiftUIMVVMCombineAlamofire.app */,
			);
			name = Products;
			sourceTree = "<group>";
		};
		9730FEA527DECC6800E56BA5 /* SwiftUIMVVMCombineAlamofire */ = {
			isa = PBXGroup;
			children = (
				9730FEC127DECD5000E56BA5 /* App */,
				9730FEB827DECCB600E56BA5 /* Utilities */,
				9730FEB727DECCA400E56BA5 /* Manager */,
				9730FEB627DECC9C00E56BA5 /* Model */,
				9730FEB527DECC9300E56BA5 /* ViewModel */,
				9730FEB427DECC8C00E56BA5 /* View */,
				9730FEAA27DECC6A00E56BA5 /* Assets.xcassets */,
				9730FEAC27DECC6A00E56BA5 /* Preview Content */,
			);
			path = SwiftUIMVVMCombineAlamofire;
			sourceTree = "<group>";
		};
		9730FEAC27DECC6A00E56BA5 /* Preview Content */ = {
			isa = PBXGroup;
			children = (
				9730FEAD27DECC6A00E56BA5 /* Preview Assets.xcassets */,
			);
			path = "Preview Content";
			sourceTree = "<group>";
		};
		9730FEB427DECC8C00E56BA5 /* View */ = {
			isa = PBXGroup;
			children = (
				9730FEA827DECC6800E56BA5 /* MainView.swift */,
				9730FEC227DECED900E56BA5 /* HomeView.swift */,
				9730FEC427DECF5900E56BA5 /* TopMoviesView.swift */,
				9730FEC627DECF6F00E56BA5 /* TopTVShowView.swift */,
				9773ABD027DFDA370083D58F /* Test.swift */,
			);
			path = View;
			sourceTree = "<group>";
		};
		9730FEB527DECC9300E56BA5 /* ViewModel */ = {
			isa = PBXGroup;
			children = (
				9730FEBF27DECD4300E56BA5 /* ViewModel.swift */,
			);
			path = ViewModel;
			sourceTree = "<group>";
		};
		9730FEB627DECC9C00E56BA5 /* Model */ = {
			isa = PBXGroup;
			children = (
				9730FEBD27DECD3100E56BA5 /* TopMoviesDataModel.swift */,
				9773ABD227DFDD230083D58F /* TopTVShowsDataModel.swift */,
			);
			path = Model;
			sourceTree = "<group>";
		};
		9730FEB727DECCA400E56BA5 /* Manager */ = {
			isa = PBXGroup;
			children = (
				9730FEB927DECCDF00E56BA5 /* ServiceManager.swift */,
			);
			path = Manager;
			sourceTree = "<group>";
		};
		9730FEB827DECCB600E56BA5 /* Utilities */ = {
			isa = PBXGroup;
			children = (
				9730FEBB27DECCFA00E56BA5 /* ReusableComponents.swift */,
				9773ABD727DFE2380083D58F /* URLExtension.swift */,
			);
			path = Utilities;
			sourceTree = "<group>";
		};
		9730FEC127DECD5000E56BA5 /* App */ = {
			isa = PBXGroup;
			children = (
				9730FEA627DECC6800E56BA5 /* SwiftUIMVVMCombineAlamofireApp.swift */,
			);
			path = App;
			sourceTree = "<group>";
		};
/* End PBXGroup section */

/* Begin PBXNativeTarget section */
		9730FEA227DECC6800E56BA5 /* SwiftUIMVVMCombineAlamofire */ = {
			isa = PBXNativeTarget;
			buildConfigurationList = 9730FEB127DECC6A00E56BA5 /* Build configuration list for PBXNativeTarget "SwiftUIMVVMCombineAlamofire" */;
			buildPhases = (
				9730FE9F27DECC6800E56BA5 /* Sources */,
				9730FEA027DECC6800E56BA5 /* Frameworks */,
				9730FEA127DECC6800E56BA5 /* Resources */,
			);
			buildRules = (
			);
			dependencies = (
			);
			name = SwiftUIMVVMCombineAlamofire;
			packageProductDependencies = (
				9773ABD527DFDF990083D58F /* Alamofire */,
			);
			productName = SwiftUIMVVMCombineAlamofire;
			productReference = 9730FEA327DECC6800E56BA5 /* SwiftUIMVVMCombineAlamofire.app */;
			productType = "com.apple.product-type.application";
		};
/* End PBXNativeTarget section */

/* Begin PBXProject section */
		9730FE9B27DECC6800E56BA5 /* Project object */ = {
			isa = PBXProject;
			attributes = {
				BuildIndependentTargetsInParallel = 1;
				LastSwiftUpdateCheck = 1320;
				LastUpgradeCheck = 1320;
				TargetAttributes = {
					9730FEA227DECC6800E56BA5 = {
						CreatedOnToolsVersion = 13.2.1;
					};
				};
			};
			buildConfigurationList = 9730FE9E27DECC6800E56BA5 /* Build configuration list for PBXProject "SwiftUIMVVMCombineAlamofire" */;
			compatibilityVersion = "Xcode 13.0";
			developmentRegion = en;
			hasScannedForEncodings = 0;
			knownRegions = (
				en,
				Base,
			);
			mainGroup = 9730FE9A27DECC6800E56BA5;
			packageReferences = (
				9773ABD427DFDF990083D58F /* XCRemoteSwiftPackageReference "Alamofire" */,
			);
			productRefGroup = 9730FEA427DECC6800E56BA5 /* Products */;
			projectDirPath = "";
			projectRoot = "";
			targets = (
				9730FEA227DECC6800E56BA5 /* SwiftUIMVVMCombineAlamofire */,
			);
		};
/* End PBXProject section */

/* Begin PBXResourcesBuildPhase section */
		9730FEA127DECC6800E56BA5 /* Resources */ = {
			isa = PBXResourcesBuildPhase;
			buildActionMask = 2147483647;
			files = (
				9730FEAE27DECC6A00E56BA5 /* Preview Assets.xcassets in Resources */,
				9730FEAB27DECC6A00E56BA5 /* Assets.xcassets in Resources */,
			);
			runOnlyForDeploymentPostprocessing = 0;
		};
/* End PBXResourcesBuildPhase section */

/* Begin PBXSourcesBuildPhase section */
		9730FE9F27DECC6800E56BA5 /* Sources */ = {
			isa = PBXSourcesBuildPhase;
			buildActionMask = 2147483647;
			files = (
				9730FEC527DECF5900E56BA5 /* TopMoviesView.swift in Sources */,
				9730FEBC27DECCFA00E56BA5 /* ReusableComponents.swift in Sources */,
				9773ABD327DFDD230083D58F /* TopTVShowsDataModel.swift in Sources */,
				9730FEC327DECED900E56BA5 /* HomeView.swift in Sources */,
				9730FEA927DECC6800E56BA5 /* MainView.swift in Sources */,
				9773ABD827DFE2380083D58F /* URLExtension.swift in Sources */,
				9730FEBE27DECD3100E56BA5 /* TopMoviesDataModel.swift in Sources */,
				9730FEA727DECC6800E56BA5 /* SwiftUIMVVMCombineAlamofireApp.swift in Sources */,
				9730FEC727DECF6F00E56BA5 /* TopTVShowView.swift in Sources */,
				9773ABD127DFDA370083D58F /* Test.swift in Sources */,
				9730FEC027DECD4300E56BA5 /* ViewModel.swift in Sources */,
				9730FEBA27DECCDF00E56BA5 /* ServiceManager.swift in Sources */,
			);
			runOnlyForDeploymentPostprocessing = 0;
		};
/* End PBXSourcesBuildPhase section */

/* Begin XCBuildConfiguration section */
		9730FEAF27DECC6A00E56BA5 /* Debug */ = {
			isa = XCBuildConfiguration;
			buildSettings = {
				ALWAYS_SEARCH_USER_PATHS = NO;
				CLANG_ANALYZER_NONNULL = YES;
				CLANG_ANALYZER_NUMBER_OBJECT_CONVERSION = YES_AGGRESSIVE;
				CLANG_CXX_LANGUAGE_STANDARD = "gnu++17";
				CLANG_CXX_LIBRARY = "libc++";
				CLANG_ENABLE_MODULES = YES;
				CLANG_ENABLE_OBJC_ARC = YES;
				CLANG_ENABLE_OBJC_WEAK = YES;
				CLANG_WARN_BLOCK_CAPTURE_AUTORELEASING = YES;
				CLANG_WARN_BOOL_CONVERSION = YES;
				CLANG_WARN_COMMA = YES;
				CLANG_WARN_CONSTANT_CONVERSION = YES;
				CLANG_WARN_DEPRECATED_OBJC_IMPLEMENTATIONS = YES;
				CLANG_WARN_DIRECT_OBJC_ISA_USAGE = YES_ERROR;
				CLANG_WARN_DOCUMENTATION_COMMENTS = YES;
				CLANG_WARN_EMPTY_BODY = YES;
				CLANG_WARN_ENUM_CONVERSION = YES;
				CLANG_WARN_INFINITE_RECURSION = YES;
				CLANG_WARN_INT_CONVERSION = YES;
				CLANG_WARN_NON_LITERAL_NULL_CONVERSION = YES;
				CLANG_WARN_OBJC_IMPLICIT_RETAIN_SELF = YES;
				CLANG_WARN_OBJC_LITERAL_CONVERSION = YES;
				CLANG_WARN_OBJC_ROOT_CLASS = YES_ERROR;
				CLANG_WARN_QUOTED_INCLUDE_IN_FRAMEWORK_HEADER = YES;
				CLANG_WARN_RANGE_LOOP_ANALYSIS = YES;
				CLANG_WARN_STRICT_PROTOTYPES = YES;
				CLANG_WARN_SUSPICIOUS_MOVE = YES;
				CLANG_WARN_UNGUARDED_AVAILABILITY = YES_AGGRESSIVE;
				CLANG_WARN_UNREACHABLE_CODE = YES;
				CLANG_WARN__DUPLICATE_METHOD_MATCH = YES;
				COPY_PHASE_STRIP = NO;
				DEBUG_INFORMATION_FORMAT = dwarf;
				ENABLE_STRICT_OBJC_MSGSEND = YES;
				ENABLE_TESTABILITY = YES;
				GCC_C_LANGUAGE_STANDARD = gnu11;
				GCC_DYNAMIC_NO_PIC = NO;
				GCC_NO_COMMON_BLOCKS = YES;
				GCC_OPTIMIZATION_LEVEL = 0;
				GCC_PREPROCESSOR_DEFINITIONS = (
					"DEBUG=1",
					"$(inherited)",
				);
				GCC_WARN_64_TO_32_BIT_CONVERSION = YES;
				GCC_WARN_ABOUT_RETURN_TYPE = YES_ERROR;
				GCC_WARN_UNDECLARED_SELECTOR = YES;
				GCC_WARN_UNINITIALIZED_AUTOS = YES_AGGRESSIVE;
				GCC_WARN_UNUSED_FUNCTION = YES;
				GCC_WARN_UNUSED_VARIABLE = YES;
				IPHONEOS_DEPLOYMENT_TARGET = 15.2;
				MTL_ENABLE_DEBUG_INFO = INCLUDE_SOURCE;
				MTL_FAST_MATH = YES;
				ONLY_ACTIVE_ARCH = YES;
				SDKROOT = iphoneos;
				SWIFT_ACTIVE_COMPILATION_CONDITIONS = DEBUG;
				SWIFT_OPTIMIZATION_LEVEL = "-Onone";
			};
			name = Debug;
		};
		9730FEB027DECC6A00E56BA5 /* Release */ = {
			isa = XCBuildConfiguration;
			buildSettings = {
				ALWAYS_SEARCH_USER_PATHS = NO;
				CLANG_ANALYZER_NONNULL = YES;
				CLANG_ANALYZER_NUMBER_OBJECT_CONVERSION = YES_AGGRESSIVE;
				CLANG_CXX_LANGUAGE_STANDARD = "gnu++17";
				CLANG_CXX_LIBRARY = "libc++";
				CLANG_ENABLE_MODULES = YES;
				CLANG_ENABLE_OBJC_ARC = YES;
				CLANG_ENABLE_OBJC_WEAK = YES;
				CLANG_WARN_BLOCK_CAPTURE_AUTORELEASING = YES;
				CLANG_WARN_BOOL_CONVERSION = YES;
				CLANG_WARN_COMMA = YES;
				CLANG_WARN_CONSTANT_CONVERSION = YES;
				CLANG_WARN_DEPRECATED_OBJC_IMPLEMENTATIONS = YES;
				CLANG_WARN_DIRECT_OBJC_ISA_USAGE = YES_ERROR;
				CLANG_WARN_DOCUMENTATION_COMMENTS = YES;
				CLANG_WARN_EMPTY_BODY = YES;
				CLANG_WARN_ENUM_CONVERSION = YES;
				CLANG_WARN_INFINITE_RECURSION = YES;
				CLANG_WARN_INT_CONVERSION = YES;
				CLANG_WARN_NON_LITERAL_NULL_CONVERSION = YES;
				CLANG_WARN_OBJC_IMPLICIT_RETAIN_SELF = YES;
				CLANG_WARN_OBJC_LITERAL_CONVERSION = YES;
				CLANG_WARN_OBJC_ROOT_CLASS = YES_ERROR;
				CLANG_WARN_QUOTED_INCLUDE_IN_FRAMEWORK_HEADER = YES;
				CLANG_WARN_RANGE_LOOP_ANALYSIS = YES;
				CLANG_WARN_STRICT_PROTOTYPES = YES;
				CLANG_WARN_SUSPICIOUS_MOVE = YES;
				CLANG_WARN_UNGUARDED_AVAILABILITY = YES_AGGRESSIVE;
				CLANG_WARN_UNREACHABLE_CODE = YES;
				CLANG_WARN__DUPLICATE_METHOD_MATCH = YES;
				COPY_PHASE_STRIP = NO;
				DEBUG_INFORMATION_FORMAT = "dwarf-with-dsym";
				ENABLE_NS_ASSERTIONS = NO;
				ENABLE_STRICT_OBJC_MSGSEND = YES;
				GCC_C_LANGUAGE_STANDARD = gnu11;
				GCC_NO_COMMON_BLOCKS = YES;
				GCC_WARN_64_TO_32_BIT_CONVERSION = YES;
				GCC_WARN_ABOUT_RETURN_TYPE = YES_ERROR;
				GCC_WARN_UNDECLARED_SELECTOR = YES;
				GCC_WARN_UNINITIALIZED_AUTOS = YES_AGGRESSIVE;
				GCC_WARN_UNUSED_FUNCTION = YES;
				GCC_WARN_UNUSED_VARIABLE = YES;
				IPHONEOS_DEPLOYMENT_TARGET = 15.2;
				MTL_ENABLE_DEBUG_INFO = NO;
				MTL_FAST_MATH = YES;
				SDKROOT = iphoneos;
				SWIFT_COMPILATION_MODE = wholemodule;
				SWIFT_OPTIMIZATION_LEVEL = "-O";
				VALIDATE_PRODUCT = YES;
			};
			name = Release;
		};
		9730FEB227DECC6A00E56BA5 /* Debug */ = {
			isa = XCBuildConfiguration;
			buildSettings = {
				ASSETCATALOG_COMPILER_APPICON_NAME = AppIcon;
				ASSETCATALOG_COMPILER_GLOBAL_ACCENT_COLOR_NAME = AccentColor;
				CODE_SIGN_STYLE = Automatic;
				CURRENT_PROJECT_VERSION = 1;
				DEVELOPMENT_ASSET_PATHS = "\"SwiftUIMVVMCombineAlamofire/Preview Content\"";
				DEVELOPMENT_TEAM = T749PR32HB;
				ENABLE_PREVIEWS = YES;
				GENERATE_INFOPLIST_FILE = YES;
				INFOPLIST_KEY_UIApplicationSceneManifest_Generation = YES;
				INFOPLIST_KEY_UIApplicationSupportsIndirectInputEvents = YES;
				INFOPLIST_KEY_UILaunchScreen_Generation = YES;
				INFOPLIST_KEY_UISupportedInterfaceOrientations_iPad = "UIInterfaceOrientationPortrait UIInterfaceOrientationPortraitUpsideDown UIInterfaceOrientationLandscapeLeft UIInterfaceOrientationLandscapeRight";
				INFOPLIST_KEY_UISupportedInterfaceOrientations_iPhone = "UIInterfaceOrientationPortrait UIInterfaceOrientationLandscapeLeft UIInterfaceOrientationLandscapeRight";
				LD_RUNPATH_SEARCH_PATHS = (
					"$(inherited)",
					"@executable_path/Frameworks",
				);
				MARKETING_VERSION = 1.0;
				PRODUCT_BUNDLE_IDENTIFIER = com.rajaygms.SwiftUIMVVMCombineAlamofire;
				PRODUCT_NAME = "$(TARGET_NAME)";
				SWIFT_EMIT_LOC_STRINGS = YES;
				SWIFT_VERSION = 5.0;
				TARGETED_DEVICE_FAMILY = "1,2";
			};
			name = Debug;
		};
		9730FEB327DECC6A00E56BA5 /* Release */ = {
			isa = XCBuildConfiguration;
			buildSettings = {
				ASSETCATALOG_COMPILER_APPICON_NAME = AppIcon;
				ASSETCATALOG_COMPILER_GLOBAL_ACCENT_COLOR_NAME = AccentColor;
				CODE_SIGN_STYLE = Automatic;
				CURRENT_PROJECT_VERSION = 1;
				DEVELOPMENT_ASSET_PATHS = "\"SwiftUIMVVMCombineAlamofire/Preview Content\"";
				DEVELOPMENT_TEAM = T749PR32HB;
				ENABLE_PREVIEWS = YES;
				GENERATE_INFOPLIST_FILE = YES;
				INFOPLIST_KEY_UIApplicationSceneManifest_Generation = YES;
				INFOPLIST_KEY_UIApplicationSupportsIndirectInputEvents = YES;
				INFOPLIST_KEY_UILaunchScreen_Generation = YES;
				INFOPLIST_KEY_UISupportedInterfaceOrientations_iPad = "UIInterfaceOrientationPortrait UIInterfaceOrientationPortraitUpsideDown UIInterfaceOrientationLandscapeLeft UIInterfaceOrientationLandscapeRight";
				INFOPLIST_KEY_UISupportedInterfaceOrientations_iPhone = "UIInterfaceOrientationPortrait UIInterfaceOrientationLandscapeLeft UIInterfaceOrientationLandscapeRight";
				LD_RUNPATH_SEARCH_PATHS = (
					"$(inherited)",
					"@executable_path/Frameworks",
				);
				MARKETING_VERSION = 1.0;
				PRODUCT_BUNDLE_IDENTIFIER = com.rajaygms.SwiftUIMVVMCombineAlamofire;
				PRODUCT_NAME = "$(TARGET_NAME)";
				SWIFT_EMIT_LOC_STRINGS = YES;
				SWIFT_VERSION = 5.0;
				TARGETED_DEVICE_FAMILY = "1,2";
			};
			name = Release;
		};
/* End XCBuildConfiguration section */

/* Begin XCConfigurationList section */
		9730FE9E27DECC6800E56BA5 /* Build configuration list for PBXProject "SwiftUIMVVMCombineAlamofire" */ = {
			isa = XCConfigurationList;
			buildConfigurations = (
				9730FEAF27DECC6A00E56BA5 /* Debug */,
				9730FEB027DECC6A00E56BA5 /* Release */,
			);
			defaultConfigurationIsVisible = 0;
			defaultConfigurationName = Release;
		};
		9730FEB127DECC6A00E56BA5 /* Build configuration list for PBXNativeTarget "SwiftUIMVVMCombineAlamofire" */ = {
			isa = XCConfigurationList;
			buildConfigurations = (
				9730FEB227DECC6A00E56BA5 /* Debug */,
				9730FEB327DECC6A00E56BA5 /* Release */,
			);
			defaultConfigurationIsVisible = 0;
			defaultConfigurationName = Release;
		};
/* End XCConfigurationList section */

/* Begin XCRemoteSwiftPackageReference section */
		9773ABD427DFDF990083D58F /* XCRemoteSwiftPackageReference "Alamofire" */ = {
			isa = XCRemoteSwiftPackageReference;
			repositoryURL = "https://github.com/Alamofire/Alamofire.git";
			requirement = {
				kind = upToNextMajorVersion;
				minimumVersion = 5.0.0;
			};
		};
/* End XCRemoteSwiftPackageReference section */

/* Begin XCSwiftPackageProductDependency section */
		9773ABD527DFDF990083D58F /* Alamofire */ = {
			isa = XCSwiftPackageProductDependency;
			package = 9773ABD427DFDF990083D58F /* XCRemoteSwiftPackageReference "Alamofire" */;
			productName = Alamofire;
		};
/* End XCSwiftPackageProductDependency section */
	};
	rootObject = 9730FE9B27DECC6800E56BA5 /* Project object */;
}
